
Microsoft Visual Studio Solution File, Format Version 12.00
# Visual Studio 15
VisualStudioVersion = 15.0.28307.438
MinimumVisualStudioVersion = 10.0.40219.1
Project("{FAE04EC0-301F-11D3-BF4B-00C04F79EFBC}") = "Palmtree.Math", "Palmtree.Math\Palmtree.Math.csproj", "{B800B958-9D3A-4312-9EF6-65F2CC87DA84}"
EndProject
Project("{8BC9CEB8-8B4A-11D0-8D11-00A0C91BC942}") = "Palmtree.Math.Core.Uint", "Palmtree.Math.Core.Uint\Palmtree.Math.Core.Uint.vcxproj", "{2B4D6366-1DD5-4E4D-920B-8FDDDF1AAAB9}"
EndProject
Project("{FAE04EC0-301F-11D3-BF4B-00C04F79EFBC}") = "Palmtree.Math.Core.Uint.CodeGen.InlineFunc", "Palmtree.Math.Core.Uint.CodeGen.InlineFunc\Palmtree.Math.Core.Uint.CodeGen.InlineFunc.csproj", "{9A77A2BE-3529-45BA-A471-3294827AA7E0}"
EndProject
Project("{FAE04EC0-301F-11D3-BF4B-00C04F79EFBC}") = "Palmtree.Math.Core.Uint.CodeGen.VersionInfo", "Palmtree.Math.Core.Uint.CodeGen.VersionInfo\Palmtree.Math.Core.Uint.CodeGen.VersionInfo.csproj", "{D6482B0D-A40E-4515-B86D-4AAF4123E3C7}"
EndProject
Project("{8BC9CEB8-8B4A-11D0-8D11-00A0C91BC942}") = "Palmtree.Math.Core.Uint.Launcher", "Palmtree.Math.Core.Uint.Launcher\Palmtree.Math.Core.Uint.Launcher.vcxproj", "{C28F3978-46C2-44AC-AC9E-8997A9462A11}"
EndProject
Project("{FAE04EC0-301F-11D3-BF4B-00C04F79EFBC}") = "Palmtree.Math.Experiment", "Palmtree.Math.Experiment\Palmtree.Math.Experiment.csproj", "{8A0F0C31-51F4-4292-AA04-FAF1A20590B7}"
EndProject
Project("{8BC9CEB8-8B4A-11D0-8D11-00A0C91BC942}") = "Palmtree.Math.ExperimentCpp", "Palmtree.Math.ExperimentCpp\Palmtree.Math.ExperimentCpp.vcxproj", "{E21631AA-78C0-476A-B929-66AC1CC6845F}"
EndProject
Project("{FAE04EC0-301F-11D3-BF4B-00C04F79EFBC}") = "Palmtree.Math.CsLauncher", "Palmtree.Math.CsLauncher\Palmtree.Math.CsLauncher.csproj", "{76112B1F-4D6E-43C5-9F93-AE8AEF612EC0}"
EndProject
Project("{8BC9CEB8-8B4A-11D0-8D11-00A0C91BC942}") = "Palmtree.Math.Core.Sint", "Palmtree.Math.Core.Sint\Palmtree.Math.Core.Sint.vcxproj", "{E4F0558E-65D9-41C9-BA28-3B23DD21E18D}"
EndProject
Project("{FAE04EC0-301F-11D3-BF4B-00C04F79EFBC}") = "Palmtree.Math.Core.Sint.CodeGen.VersionInfo", "Palmtree.Math.Core.Sint.CodeGen.VersionInfo\Palmtree.Math.Core.Sint.CodeGen.VersionInfo.csproj", "{E4459AF9-2C82-4ABE-B1D9-ABE622E49515}"
EndProject
Project("{8BC9CEB8-8B4A-11D0-8D11-00A0C91BC942}") = "Palmtree.Math.Core.Sint.Launcher", "Palmtree.Math.Core.Sint.Launcher\Palmtree.Math.Core.Sint.Launcher.vcxproj", "{55531C44-BC49-4170-8377-452E525644D4}"
EndProject
Project("{FAE04EC0-301F-11D3-BF4B-00C04F79EFBC}") = "Palmtree.Math.Test", "Palmtree.Math.Test\Palmtree.Math.Test.csproj", "{F1950BCB-3AC3-4442-BBDF-21487CC32044}"
EndProject
Project("{FAE04EC0-301F-11D3-BF4B-00C04F79EFBC}") = "Palmtree.Math.CodeGen.TestData", "Palmtree.Math.CodeGen.TestData\Palmtree.Math.CodeGen.TestData.csproj", "{CE3BF22E-CD12-45DD-B14C-CCAC690DB32C}"
EndProject
Project("{8BC9CEB8-8B4A-11D0-8D11-00A0C91BC942}") = "Palmtree.Math.Core.Rtnl", "Palmtree.Math.Core.Rtnl\Palmtree.Math.Core.Rtnl.vcxproj", "{30E309C9-30DA-47DC-920E-4F50488CD798}"
EndProject
Global
	GlobalSection(SolutionConfigurationPlatforms) = preSolution
		Debug|Any CPU = Debug|Any CPU
		Debug|x64 = Debug|x64
		Debug|x86 = Debug|x86
		Release|Any CPU = Release|Any CPU
		Release|x64 = Release|x64
		Release|x86 = Release|x86
	EndGlobalSection
	GlobalSection(ProjectConfigurationPlatforms) = postSolution
		{B800B958-9D3A-4312-9EF6-65F2CC87DA84}.Debug|Any CPU.ActiveCfg = Debug|Any CPU
		{B800B958-9D3A-4312-9EF6-65F2CC87DA84}.Debug|Any CPU.Build.0 = Debug|Any CPU
		{B800B958-9D3A-4312-9EF6-65F2CC87DA84}.Debug|x64.ActiveCfg = Debug|Any CPU
		{B800B958-9D3A-4312-9EF6-65F2CC87DA84}.Debug|x64.Build.0 = Debug|Any CPU
		{B800B958-9D3A-4312-9EF6-65F2CC87DA84}.Debug|x86.ActiveCfg = Debug|Any CPU
		{B800B958-9D3A-4312-9EF6-65F2CC87DA84}.Debug|x86.Build.0 = Debug|Any CPU
		{B800B958-9D3A-4312-9EF6-65F2CC87DA84}.Release|Any CPU.ActiveCfg = Release|Any CPU
		{B800B958-9D3A-4312-9EF6-65F2CC87DA84}.Release|Any CPU.Build.0 = Release|Any CPU
		{B800B958-9D3A-4312-9EF6-65F2CC87DA84}.Release|x64.ActiveCfg = Release|Any CPU
		{B800B958-9D3A-4312-9EF6-65F2CC87DA84}.Release|x64.Build.0 = Release|Any CPU
		{B800B958-9D3A-4312-9EF6-65F2CC87DA84}.Release|x86.ActiveCfg = Release|Any CPU
		{B800B958-9D3A-4312-9EF6-65F2CC87DA84}.Release|x86.Build.0 = Release|Any CPU
		{2B4D6366-1DD5-4E4D-920B-8FDDDF1AAAB9}.Debug|Any CPU.ActiveCfg = Debug|Win32
		{2B4D6366-1DD5-4E4D-920B-8FDDDF1AAAB9}.Debug|x64.ActiveCfg = Debug|x64
		{2B4D6366-1DD5-4E4D-920B-8FDDDF1AAAB9}.Debug|x64.Build.0 = Debug|x64
		{2B4D6366-1DD5-4E4D-920B-8FDDDF1AAAB9}.Debug|x86.ActiveCfg = Debug|Win32
		{2B4D6366-1DD5-4E4D-920B-8FDDDF1AAAB9}.Debug|x86.Build.0 = Debug|Win32
		{2B4D6366-1DD5-4E4D-920B-8FDDDF1AAAB9}.Release|Any CPU.ActiveCfg = Release|Win32
		{2B4D6366-1DD5-4E4D-920B-8FDDDF1AAAB9}.Release|x64.ActiveCfg = Release|x64
		{2B4D6366-1DD5-4E4D-920B-8FDDDF1AAAB9}.Release|x64.Build.0 = Release|x64
		{2B4D6366-1DD5-4E4D-920B-8FDDDF1AAAB9}.Release|x86.ActiveCfg = Release|Win32
		{2B4D6366-1DD5-4E4D-920B-8FDDDF1AAAB9}.Release|x86.Build.0 = Release|Win32
		{9A77A2BE-3529-45BA-A471-3294827AA7E0}.Debug|Any CPU.ActiveCfg = Debug|Any CPU
		{9A77A2BE-3529-45BA-A471-3294827AA7E0}.Debug|Any CPU.Build.0 = Debug|Any CPU
		{9A77A2BE-3529-45BA-A471-3294827AA7E0}.Debug|x64.ActiveCfg = Debug|Any CPU
		{9A77A2BE-3529-45BA-A471-3294827AA7E0}.Debug|x64.Build.0 = Debug|Any CPU
		{9A77A2BE-3529-45BA-A471-3294827AA7E0}.Debug|x86.ActiveCfg = Debug|Any CPU
		{9A77A2BE-3529-45BA-A471-3294827AA7E0}.Debug|x86.Build.0 = Debug|Any CPU
		{9A77A2BE-3529-45BA-A471-3294827AA7E0}.Release|Any CPU.ActiveCfg = Release|Any CPU
		{9A77A2BE-3529-45BA-A471-3294827AA7E0}.Release|Any CPU.Build.0 = Release|Any CPU
		{9A77A2BE-3529-45BA-A471-3294827AA7E0}.Release|x64.ActiveCfg = Release|Any CPU
		{9A77A2BE-3529-45BA-A471-3294827AA7E0}.Release|x64.Build.0 = Release|Any CPU
		{9A77A2BE-3529-45BA-A471-3294827AA7E0}.Release|x86.ActiveCfg = Release|Any CPU
		{9A77A2BE-3529-45BA-A471-3294827AA7E0}.Release|x86.Build.0 = Release|Any CPU
		{D6482B0D-A40E-4515-B86D-4AAF4123E3C7}.Debug|Any CPU.ActiveCfg = Debug|Any CPU
		{D6482B0D-A40E-4515-B86D-4AAF4123E3C7}.Debug|Any CPU.Build.0 = Debug|Any CPU
		{D6482B0D-A40E-4515-B86D-4AAF4123E3C7}.Debug|x64.ActiveCfg = Debug|Any CPU
		{D6482B0D-A40E-4515-B86D-4AAF4123E3C7}.Debug|x64.Build.0 = Debug|Any CPU
		{D6482B0D-A40E-4515-B86D-4AAF4123E3C7}.Debug|x86.ActiveCfg = Debug|Any CPU
		{D6482B0D-A40E-4515-B86D-4AAF4123E3C7}.Debug|x86.Build.0 = Debug|Any CPU
		{D6482B0D-A40E-4515-B86D-4AAF4123E3C7}.Release|Any CPU.ActiveCfg = Release|Any CPU
		{D6482B0D-A40E-4515-B86D-4AAF4123E3C7}.Release|Any CPU.Build.0 = Release|Any CPU
		{D6482B0D-A40E-4515-B86D-4AAF4123E3C7}.Release|x64.ActiveCfg = Release|Any CPU
		{D6482B0D-A40E-4515-B86D-4AAF4123E3C7}.Release|x64.Build.0 = Release|Any CPU
		{D6482B0D-A40E-4515-B86D-4AAF4123E3C7}.Release|x86.ActiveCfg = Release|Any CPU
		{D6482B0D-A40E-4515-B86D-4AAF4123E3C7}.Release|x86.Build.0 = Release|Any CPU
		{C28F3978-46C2-44AC-AC9E-8997A9462A11}.Debug|Any CPU.ActiveCfg = Debug|Win32
		{C28F3978-46C2-44AC-AC9E-8997A9462A11}.Debug|x64.ActiveCfg = Debug|x64
		{C28F3978-46C2-44AC-AC9E-8997A9462A11}.Debug|x64.Build.0 = Debug|x64
		{C28F3978-46C2-44AC-AC9E-8997A9462A11}.Debug|x86.ActiveCfg = Debug|Win32
		{C28F3978-46C2-44AC-AC9E-8997A9462A11}.Debug|x86.Build.0 = Debug|Win32
		{C28F3978-46C2-44AC-AC9E-8997A9462A11}.Release|Any CPU.ActiveCfg = Release|Win32
		{C28F3978-46C2-44AC-AC9E-8997A9462A11}.Release|x64.ActiveCfg = Release|x64
		{C28F3978-46C2-44AC-AC9E-8997A9462A11}.Release|x64.Build.0 = Release|x64
		{C28F3978-46C2-44AC-AC9E-8997A9462A11}.Release|x86.ActiveCfg = Release|Win32
		{C28F3978-46C2-44AC-AC9E-8997A9462A11}.Release|x86.Build.0 = Release|Win32
		{8A0F0C31-51F4-4292-AA04-FAF1A20590B7}.Debug|Any CPU.ActiveCfg = Debug|Any CPU
		{8A0F0C31-51F4-4292-AA04-FAF1A20590B7}.Debug|Any CPU.Build.0 = Debug|Any CPU
		{8A0F0C31-51F4-4292-AA04-FAF1A20590B7}.Debug|x64.ActiveCfg = Debug|Any CPU
		{8A0F0C31-51F4-4292-AA04-FAF1A20590B7}.Debug|x64.Build.0 = Debug|Any CPU
		{8A0F0C31-51F4-4292-AA04-FAF1A20590B7}.Debug|x86.ActiveCfg = Debug|Any CPU
		{8A0F0C31-51F4-4292-AA04-FAF1A20590B7}.Debug|x86.Build.0 = Debug|Any CPU
		{8A0F0C31-51F4-4292-AA04-FAF1A20590B7}.Release|Any CPU.ActiveCfg = Release|Any CPU
		{8A0F0C31-51F4-4292-AA04-FAF1A20590B7}.Release|Any CPU.Build.0 = Release|Any CPU
		{8A0F0C31-51F4-4292-AA04-FAF1A20590B7}.Release|x64.ActiveCfg = Release|Any CPU
		{8A0F0C31-51F4-4292-AA04-FAF1A20590B7}.Release|x64.Build.0 = Release|Any CPU
		{8A0F0C31-51F4-4292-AA04-FAF1A20590B7}.Release|x86.ActiveCfg = Release|Any CPU
		{8A0F0C31-51F4-4292-AA04-FAF1A20590B7}.Release|x86.Build.0 = Release|Any CPU
		{E21631AA-78C0-476A-B929-66AC1CC6845F}.Debug|Any CPU.ActiveCfg = Debug|Win32
		{E21631AA-78C0-476A-B929-66AC1CC6845F}.Debug|x64.ActiveCfg = Debug|x64
		{E21631AA-78C0-476A-B929-66AC1CC6845F}.Debug|x64.Build.0 = Debug|x64
		{E21631AA-78C0-476A-B929-66AC1CC6845F}.Debug|x86.ActiveCfg = Debug|Win32
		{E21631AA-78C0-476A-B929-66AC1CC6845F}.Debug|x86.Build.0 = Debug|Win32
		{E21631AA-78C0-476A-B929-66AC1CC6845F}.Release|Any CPU.ActiveCfg = Release|Win32
		{E21631AA-78C0-476A-B929-66AC1CC6845F}.Release|x64.ActiveCfg = Release|x64
		{E21631AA-78C0-476A-B929-66AC1CC6845F}.Release|x64.Build.0 = Release|x64
		{E21631AA-78C0-476A-B929-66AC1CC6845F}.Release|x86.ActiveCfg = Release|Win32
		{E21631AA-78C0-476A-B929-66AC1CC6845F}.Release|x86.Build.0 = Release|Win32
		{76112B1F-4D6E-43C5-9F93-AE8AEF612EC0}.Debug|Any CPU.ActiveCfg = Debug|Any CPU
		{76112B1F-4D6E-43C5-9F93-AE8AEF612EC0}.Debug|Any CPU.Build.0 = Debug|Any CPU
		{76112B1F-4D6E-43C5-9F93-AE8AEF612EC0}.Debug|x64.ActiveCfg = Debug|Any CPU
		{76112B1F-4D6E-43C5-9F93-AE8AEF612EC0}.Debug|x64.Build.0 = Debug|Any CPU
		{76112B1F-4D6E-43C5-9F93-AE8AEF612EC0}.Debug|x86.ActiveCfg = Debug|Any CPU
		{76112B1F-4D6E-43C5-9F93-AE8AEF612EC0}.Debug|x86.Build.0 = Debug|Any CPU
		{76112B1F-4D6E-43C5-9F93-AE8AEF612EC0}.Release|Any CPU.ActiveCfg = Release|Any CPU
		{76112B1F-4D6E-43C5-9F93-AE8AEF612EC0}.Release|Any CPU.Build.0 = Release|Any CPU
		{76112B1F-4D6E-43C5-9F93-AE8AEF612EC0}.Release|x64.ActiveCfg = Release|Any CPU
		{76112B1F-4D6E-43C5-9F93-AE8AEF612EC0}.Release|x64.Build.0 = Release|Any CPU
		{76112B1F-4D6E-43C5-9F93-AE8AEF612EC0}.Release|x86.ActiveCfg = Release|Any CPU
		{76112B1F-4D6E-43C5-9F93-AE8AEF612EC0}.Release|x86.Build.0 = Release|Any CPU
		{E4F0558E-65D9-41C9-BA28-3B23DD21E18D}.Debug|Any CPU.ActiveCfg = Debug|Win32
		{E4F0558E-65D9-41C9-BA28-3B23DD21E18D}.Debug|x64.ActiveCfg = Debug|x64
		{E4F0558E-65D9-41C9-BA28-3B23DD21E18D}.Debug|x64.Build.0 = Debug|x64
		{E4F0558E-65D9-41C9-BA28-3B23DD21E18D}.Debug|x86.ActiveCfg = Debug|Win32
		{E4F0558E-65D9-41C9-BA28-3B23DD21E18D}.Debug|x86.Build.0 = Debug|Win32
		{E4F0558E-65D9-41C9-BA28-3B23DD21E18D}.Release|Any CPU.ActiveCfg = Release|Win32
		{E4F0558E-65D9-41C9-BA28-3B23DD21E18D}.Release|x64.ActiveCfg = Release|x64
		{E4F0558E-65D9-41C9-BA28-3B23DD21E18D}.Release|x64.Build.0 = Release|x64
		{E4F0558E-65D9-41C9-BA28-3B23DD21E18D}.Release|x86.ActiveCfg = Release|Win32
		{E4F0558E-65D9-41C9-BA28-3B23DD21E18D}.Release|x86.Build.0 = Release|Win32
		{E4459AF9-2C82-4ABE-B1D9-ABE622E49515}.Debug|Any CPU.ActiveCfg = Debug|Any CPU
		{E4459AF9-2C82-4ABE-B1D9-ABE622E49515}.Debug|Any CPU.Build.0 = Debug|Any CPU
		{E4459AF9-2C82-4ABE-B1D9-ABE622E49515}.Debug|x64.ActiveCfg = Debug|Any CPU
		{E4459AF9-2C82-4ABE-B1D9-ABE622E49515}.Debug|x64.Build.0 = Debug|Any CPU
		{E4459AF9-2C82-4ABE-B1D9-ABE622E49515}.Debug|x86.ActiveCfg = Debug|Any CPU
		{E4459AF9-2C82-4ABE-B1D9-ABE622E49515}.Debug|x86.Build.0 = Debug|Any CPU
		{E4459AF9-2C82-4ABE-B1D9-ABE622E49515}.Release|Any CPU.ActiveCfg = Release|Any CPU
		{E4459AF9-2C82-4ABE-B1D9-ABE622E49515}.Release|Any CPU.Build.0 = Release|Any CPU
		{E4459AF9-2C82-4ABE-B1D9-ABE622E49515}.Release|x64.ActiveCfg = Release|Any CPU
		{E4459AF9-2C82-4ABE-B1D9-ABE622E49515}.Release|x64.Build.0 = Release|Any CPU
		{E4459AF9-2C82-4ABE-B1D9-ABE622E49515}.Release|x86.ActiveCfg = Release|Any CPU
		{E4459AF9-2C82-4ABE-B1D9-ABE622E49515}.Release|x86.Build.0 = Release|Any CPU
		{55531C44-BC49-4170-8377-452E525644D4}.Debug|Any CPU.ActiveCfg = Debug|Win32
		{55531C44-BC49-4170-8377-452E525644D4}.Debug|x64.ActiveCfg = Debug|x64
		{55531C44-BC49-4170-8377-452E525644D4}.Debug|x64.Build.0 = Debug|x64
		{55531C44-BC49-4170-8377-452E525644D4}.Debug|x86.ActiveCfg = Debug|Win32
		{55531C44-BC49-4170-8377-452E525644D4}.Debug|x86.Build.0 = Debug|Win32
		{55531C44-BC49-4170-8377-452E525644D4}.Release|Any CPU.ActiveCfg = Release|Win32
		{55531C44-BC49-4170-8377-452E525644D4}.Release|x64.ActiveCfg = Release|x64
		{55531C44-BC49-4170-8377-452E525644D4}.Release|x64.Build.0 = Release|x64
		{55531C44-BC49-4170-8377-452E525644D4}.Release|x86.ActiveCfg = Release|Win32
		{55531C44-BC49-4170-8377-452E525644D4}.Release|x86.Build.0 = Release|Win32
		{F1950BCB-3AC3-4442-BBDF-21487CC32044}.Debug|Any CPU.ActiveCfg = Debug|x86
		{F1950BCB-3AC3-4442-BBDF-21487CC32044}.Debug|Any CPU.Build.0 = Debug|x86
		{F1950BCB-3AC3-4442-BBDF-21487CC32044}.Debug|x64.ActiveCfg = Debug|Any CPU
		{F1950BCB-3AC3-4442-BBDF-21487CC32044}.Debug|x64.Build.0 = Debug|Any CPU
		{F1950BCB-3AC3-4442-BBDF-21487CC32044}.Debug|x86.ActiveCfg = Debug|Any CPU
		{F1950BCB-3AC3-4442-BBDF-21487CC32044}.Debug|x86.Build.0 = Debug|Any CPU
		{F1950BCB-3AC3-4442-BBDF-21487CC32044}.Release|Any CPU.ActiveCfg = Release|Any CPU
		{F1950BCB-3AC3-4442-BBDF-21487CC32044}.Release|Any CPU.Build.0 = Release|Any CPU
		{F1950BCB-3AC3-4442-BBDF-21487CC32044}.Release|x64.ActiveCfg = Release|Any CPU
		{F1950BCB-3AC3-4442-BBDF-21487CC32044}.Release|x64.Build.0 = Release|Any CPU
		{F1950BCB-3AC3-4442-BBDF-21487CC32044}.Release|x86.ActiveCfg = Release|Any CPU
		{F1950BCB-3AC3-4442-BBDF-21487CC32044}.Release|x86.Build.0 = Release|Any CPU
		{CE3BF22E-CD12-45DD-B14C-CCAC690DB32C}.Debug|Any CPU.ActiveCfg = Debug|Any CPU
		{CE3BF22E-CD12-45DD-B14C-CCAC690DB32C}.Debug|Any CPU.Build.0 = Debug|Any CPU
		{CE3BF22E-CD12-45DD-B14C-CCAC690DB32C}.Debug|x64.ActiveCfg = Debug|Any CPU
		{CE3BF22E-CD12-45DD-B14C-CCAC690DB32C}.Debug|x64.Build.0 = Debug|Any CPU
		{CE3BF22E-CD12-45DD-B14C-CCAC690DB32C}.Debug|x86.ActiveCfg = Debug|Any CPU
		{CE3BF22E-CD12-45DD-B14C-CCAC690DB32C}.Debug|x86.Build.0 = Debug|Any CPU
		{CE3BF22E-CD12-45DD-B14C-CCAC690DB32C}.Release|Any CPU.ActiveCfg = Release|Any CPU
		{CE3BF22E-CD12-45DD-B14C-CCAC690DB32C}.Release|Any CPU.Build.0 = Release|Any CPU
		{CE3BF22E-CD12-45DD-B14C-CCAC690DB32C}.Release|x64.ActiveCfg = Release|Any CPU
		{CE3BF22E-CD12-45DD-B14C-CCAC690DB32C}.Release|x64.Build.0 = Release|Any CPU
		{CE3BF22E-CD12-45DD-B14C-CCAC690DB32C}.Release|x86.ActiveCfg = Release|Any CPU
		{CE3BF22E-CD12-45DD-B14C-CCAC690DB32C}.Release|x86.Build.0 = Release|Any CPU
		{30E309C9-30DA-47DC-920E-4F50488CD798}.Debug|Any CPU.ActiveCfg = Debug|Win32
		{30E309C9-30DA-47DC-920E-4F50488CD798}.Debug|x64.ActiveCfg = Debug|x64
		{30E309C9-30DA-47DC-920E-4F50488CD798}.Debug|x64.Build.0 = Debug|x64
		{30E309C9-30DA-47DC-920E-4F50488CD798}.Debug|x86.ActiveCfg = Debug|Win32
		{30E309C9-30DA-47DC-920E-4F50488CD798}.Debug|x86.Build.0 = Debug|Win32
		{30E309C9-30DA-47DC-920E-4F50488CD798}.Release|Any CPU.ActiveCfg = Release|Win32
		{30E309C9-30DA-47DC-920E-4F50488CD798}.Release|x64.ActiveCfg = Release|x64
		{30E309C9-30DA-47DC-920E-4F50488CD798}.Release|x64.Build.0 = Release|x64
		{30E309C9-30DA-47DC-920E-4F50488CD798}.Release|x86.ActiveCfg = Release|Win32
		{30E309C9-30DA-47DC-920E-4F50488CD798}.Release|x86.Build.0 = Release|Win32
	EndGlobalSection
	GlobalSection(SolutionProperties) = preSolution
		HideSolutionNode = FALSE
	EndGlobalSection
	GlobalSection(ExtensibilityGlobals) = postSolution
		SolutionGuid = {F2438549-BBB5-4376-A75A-9A028B822DE4}
	EndGlobalSection
EndGlobal
